
Microsoft Visual Studio Solution File, Format Version 12.00
# Visual Studio Version 16
VisualStudioVersion = 16.0.30114.105
MinimumVisualStudioVersion = 10.0.40219.1
Project("{2150E333-8FDC-42A3-9474-1A3956D46DE8}") = "Src", "Src", "{387C0399-1CC8-46D6-9652-7465BA5B5AC9}"
EndProject
Project("{9A19103F-16F7-4668-BE54-9A1E7A4F7556}") = "CZGL.AOP", "Src\CZGL.AOP\CZGL.AOP.csproj", "{73B872DD-07EB-4BED-992C-AE0AF815C639}"
EndProject
Project("{2150E333-8FDC-42A3-9474-1A3956D46DE8}") = "Docs", "Docs", "{E28493AC-25EB-46D0-8B7A-BD1E84D9F26F}"
	ProjectSection(SolutionItems) = preProject
		Docs\readme.md = Docs\readme.md
	EndProjectSection
EndProject
Project("{2150E333-8FDC-42A3-9474-1A3956D46DE8}") = "Tests", "Tests", "{14B30121-2C3D-4404-BF1B-95C5EC14259E}"
EndProject
Project("{2150E333-8FDC-42A3-9474-1A3956D46DE8}") = "Examples", "Examples", "{F4AC507E-22B4-4F16-845B-FDEA1858E52E}"
EndProject
Project("{FAE04EC0-301F-11D3-BF4B-00C04F79EFBC}") = "FxDebug", "Examples\FxDebug\FxDebug.csproj", "{EB168090-0DC0-48B4-9A04-48013B005066}"
EndProject
Project("{9A19103F-16F7-4668-BE54-9A1E7A4F7556}") = "CZGL.AOP.MEDI", "Src\CZGL.AOP.MEDI\CZGL.AOP.MEDI.csproj", "{D9018B0E-E1EA-46EC-97C0-1D6166E59C6A}"
EndProject
Project("{9A19103F-16F7-4668-BE54-9A1E7A4F7556}") = "CZGL.AOP.Autofac", "Src\CZGL.AOP.Autofac\CZGL.AOP.Autofac.csproj", "{2DE5113B-2C97-4C0D-BACF-5773EBC9B322}"
EndProject
Project("{9A19103F-16F7-4668-BE54-9A1E7A4F7556}") = "ExampleConsole", "Examples\ExampleConsole\ExampleConsole.csproj", "{3529A84F-58F4-425B-9DBB-E105648DDB4E}"
EndProject
Project("{9A19103F-16F7-4668-BE54-9A1E7A4F7556}") = "ExampleMEDI", "Examples\ExampleMEDI\ExampleMEDI.csproj", "{7C854AAB-1541-4C2D-BF9C-8CFC88FFA152}"
EndProject
Project("{9A19103F-16F7-4668-BE54-9A1E7A4F7556}") = "ExampleWebMEDI", "Examples\ExampleWebMEDI\ExampleWebMEDI.csproj", "{E7BB8F01-6890-40A8-B153-D4BDACF07783}"
EndProject
Project("{9A19103F-16F7-4668-BE54-9A1E7A4F7556}") = "ExampleAutofac", "Examples\ExampleAutofac\ExampleAutofac.csproj", "{C65E3C65-787B-42D3-99ED-13AC1F1AAB44}"
EndProject
Project("{9A19103F-16F7-4668-BE54-9A1E7A4F7556}") = "ExampleWebAutofac", "Examples\ExampleWebAutofac\ExampleWebAutofac.csproj", "{9A86A203-2333-47A2-80AB-05D0A6220814}"
EndProject
Project("{FAE04EC0-301F-11D3-BF4B-00C04F79EFBC}") = "AOPTest", "Tests\AOPTest\AOPTest.csproj", "{8B6E39EA-B747-4A2F-9018-40FADE3047B0}"
EndProject
Project("{FAE04EC0-301F-11D3-BF4B-00C04F79EFBC}") = "AOPMEDI", "Tests\AOPMEDI\AOPMEDI.csproj", "{003C952E-EE95-4C36-B43A-DC1A0BED36E6}"
EndProject
Global
	GlobalSection(SolutionConfigurationPlatforms) = preSolution
		Debug|Any CPU = Debug|Any CPU
		Release|Any CPU = Release|Any CPU
	EndGlobalSection
	GlobalSection(ProjectConfigurationPlatforms) = postSolution
		{73B872DD-07EB-4BED-992C-AE0AF815C639}.Debug|Any CPU.ActiveCfg = Debug|Any CPU
		{73B872DD-07EB-4BED-992C-AE0AF815C639}.Debug|Any CPU.Build.0 = Debug|Any CPU
		{73B872DD-07EB-4BED-992C-AE0AF815C639}.Release|Any CPU.ActiveCfg = Release|Any CPU
		{73B872DD-07EB-4BED-992C-AE0AF815C639}.Release|Any CPU.Build.0 = Release|Any CPU
		{EB168090-0DC0-48B4-9A04-48013B005066}.Debug|Any CPU.ActiveCfg = Debug|Any CPU
		{EB168090-0DC0-48B4-9A04-48013B005066}.Debug|Any CPU.Build.0 = Debug|Any CPU
		{EB168090-0DC0-48B4-9A04-48013B005066}.Release|Any CPU.ActiveCfg = Release|Any CPU
		{EB168090-0DC0-48B4-9A04-48013B005066}.Release|Any CPU.Build.0 = Release|Any CPU
		{D9018B0E-E1EA-46EC-97C0-1D6166E59C6A}.Debug|Any CPU.ActiveCfg = Debug|Any CPU
		{D9018B0E-E1EA-46EC-97C0-1D6166E59C6A}.Debug|Any CPU.Build.0 = Debug|Any CPU
		{D9018B0E-E1EA-46EC-97C0-1D6166E59C6A}.Release|Any CPU.ActiveCfg = Release|Any CPU
		{D9018B0E-E1EA-46EC-97C0-1D6166E59C6A}.Release|Any CPU.Build.0 = Release|Any CPU
		{2DE5113B-2C97-4C0D-BACF-5773EBC9B322}.Debug|Any CPU.ActiveCfg = Debug|Any CPU
		{2DE5113B-2C97-4C0D-BACF-5773EBC9B322}.Debug|Any CPU.Build.0 = Debug|Any CPU
		{2DE5113B-2C97-4C0D-BACF-5773EBC9B322}.Release|Any CPU.ActiveCfg = Release|Any CPU
		{2DE5113B-2C97-4C0D-BACF-5773EBC9B322}.Release|Any CPU.Build.0 = Release|Any CPU
		{3529A84F-58F4-425B-9DBB-E105648DDB4E}.Debug|Any CPU.ActiveCfg = Debug|Any CPU
		{3529A84F-58F4-425B-9DBB-E105648DDB4E}.Debug|Any CPU.Build.0 = Debug|Any CPU
		{3529A84F-58F4-425B-9DBB-E105648DDB4E}.Release|Any CPU.ActiveCfg = Release|Any CPU
		{3529A84F-58F4-425B-9DBB-E105648DDB4E}.Release|Any CPU.Build.0 = Release|Any CPU
		{7C854AAB-1541-4C2D-BF9C-8CFC88FFA152}.Debug|Any CPU.ActiveCfg = Debug|Any CPU
		{7C854AAB-1541-4C2D-BF9C-8CFC88FFA152}.Debug|Any CPU.Build.0 = Debug|Any CPU
		{7C854AAB-1541-4C2D-BF9C-8CFC88FFA152}.Release|Any CPU.ActiveCfg = Release|Any CPU
		{7C854AAB-1541-4C2D-BF9C-8CFC88FFA152}.Release|Any CPU.Build.0 = Release|Any CPU
		{E7BB8F01-6890-40A8-B153-D4BDACF07783}.Debug|Any CPU.ActiveCfg = Debug|Any CPU
		{E7BB8F01-6890-40A8-B153-D4BDACF07783}.Debug|Any CPU.Build.0 = Debug|Any CPU
		{E7BB8F01-6890-40A8-B153-D4BDACF07783}.Release|Any CPU.ActiveCfg = Release|Any CPU
		{E7BB8F01-6890-40A8-B153-D4BDACF07783}.Release|Any CPU.Build.0 = Release|Any CPU
		{C65E3C65-787B-42D3-99ED-13AC1F1AAB44}.Debug|Any CPU.ActiveCfg = Debug|Any CPU
		{C65E3C65-787B-42D3-99ED-13AC1F1AAB44}.Debug|Any CPU.Build.0 = Debug|Any CPU
		{C65E3C65-787B-42D3-99ED-13AC1F1AAB44}.Release|Any CPU.ActiveCfg = Release|Any CPU
		{C65E3C65-787B-42D3-99ED-13AC1F1AAB44}.Release|Any CPU.Build.0 = Release|Any CPU
		{9A86A203-2333-47A2-80AB-05D0A6220814}.Debug|Any CPU.ActiveCfg = Debug|Any CPU
		{9A86A203-2333-47A2-80AB-05D0A6220814}.Debug|Any CPU.Build.0 = Debug|Any CPU
		{9A86A203-2333-47A2-80AB-05D0A6220814}.Release|Any CPU.ActiveCfg = Release|Any CPU
		{9A86A203-2333-47A2-80AB-05D0A6220814}.Release|Any CPU.Build.0 = Release|Any CPU
		{8B6E39EA-B747-4A2F-9018-40FADE3047B0}.Debug|Any CPU.ActiveCfg = Debug|Any CPU
		{8B6E39EA-B747-4A2F-9018-40FADE3047B0}.Debug|Any CPU.Build.0 = Debug|Any CPU
		{8B6E39EA-B747-4A2F-9018-40FADE3047B0}.Release|Any CPU.ActiveCfg = Release|Any CPU
		{8B6E39EA-B747-4A2F-9018-40FADE3047B0}.Release|Any CPU.Build.0 = Release|Any CPU
		{003C952E-EE95-4C36-B43A-DC1A0BED36E6}.Debug|Any CPU.ActiveCfg = Debug|Any CPU
		{003C952E-EE95-4C36-B43A-DC1A0BED36E6}.Debug|Any CPU.Build.0 = Debug|Any CPU
		{003C952E-EE95-4C36-B43A-DC1A0BED36E6}.Release|Any CPU.ActiveCfg = Release|Any CPU
		{003C952E-EE95-4C36-B43A-DC1A0BED36E6}.Release|Any CPU.Build.0 = Release|Any CPU
	EndGlobalSection
	GlobalSection(SolutionProperties) = preSolution
		HideSolutionNode = FALSE
	EndGlobalSection
	GlobalSection(NestedProjects) = preSolution
		{73B872DD-07EB-4BED-992C-AE0AF815C639} = {387C0399-1CC8-46D6-9652-7465BA5B5AC9}
		{EB168090-0DC0-48B4-9A04-48013B005066} = {F4AC507E-22B4-4F16-845B-FDEA1858E52E}
		{D9018B0E-E1EA-46EC-97C0-1D6166E59C6A} = {387C0399-1CC8-46D6-9652-7465BA5B5AC9}
		{2DE5113B-2C97-4C0D-BACF-5773EBC9B322} = {387C0399-1CC8-46D6-9652-7465BA5B5AC9}
		{3529A84F-58F4-425B-9DBB-E105648DDB4E} = {F4AC507E-22B4-4F16-845B-FDEA1858E52E}
		{7C854AAB-1541-4C2D-BF9C-8CFC88FFA152} = {F4AC507E-22B4-4F16-845B-FDEA1858E52E}
		{E7BB8F01-6890-40A8-B153-D4BDACF07783} = {F4AC507E-22B4-4F16-845B-FDEA1858E52E}
		{C65E3C65-787B-42D3-99ED-13AC1F1AAB44} = {F4AC507E-22B4-4F16-845B-FDEA1858E52E}
		{9A86A203-2333-47A2-80AB-05D0A6220814} = {F4AC507E-22B4-4F16-845B-FDEA1858E52E}
		{8B6E39EA-B747-4A2F-9018-40FADE3047B0} = {14B30121-2C3D-4404-BF1B-95C5EC14259E}
		{003C952E-EE95-4C36-B43A-DC1A0BED36E6} = {14B30121-2C3D-4404-BF1B-95C5EC14259E}
	EndGlobalSection
	GlobalSection(ExtensibilityGlobals) = postSolution
		SolutionGuid = {7F046FA4-8D08-4C02-865E-37ECAA6D0301}
	EndGlobalSection
EndGlobal
